
Microsoft Visual Studio Solution File, Format Version 12.00
# Visual Studio Version 16
VisualStudioVersion = 16.0.29926.136
MinimumVisualStudioVersion = 10.0.40219.1
Project("{9A19103F-16F7-4668-BE54-9A1E7A4F7556}") = "Cobalt", "src\Cobalt\Cobalt.csproj", "{2585D54F-AFF8-4816-A65D-180A429FF311}"
EndProject
Project("{9A19103F-16F7-4668-BE54-9A1E7A4F7556}") = "Cobalt.AbstractSyntaxTree", "src\Cobalt.AbstractSyntaxTree\Cobalt.AbstractSyntaxTree.csproj", "{7F3895DF-573A-4AE5-B1CF-1785BC08BFF2}"
EndProject
Project("{9A19103F-16F7-4668-BE54-9A1E7A4F7556}") = "Cobalt.Target.JavaScript", "src\targets\Cobalt.Target.JavaScript\Cobalt.Target.JavaScript.csproj", "{B03863E3-D3A3-43BC-B617-B6C6E5251649}"
EndProject
Project("{9A19103F-16F7-4668-BE54-9A1E7A4F7556}") = "Cobalt.Test.Lexer", "test\Cobalt.Test.Lexer\Cobalt.Test.Lexer.csproj", "{AE0BD74F-A2CD-40AC-AB7A-335A411074E5}"
EndProject
Project("{9A19103F-16F7-4668-BE54-9A1E7A4F7556}") = "Cobalt.Compiler", "src\Cobalt.Compiler\Cobalt.Compiler.csproj", "{23E5E3AD-6205-4187-977A-158CC27B1685}"
EndProject
Project("{9A19103F-16F7-4668-BE54-9A1E7A4F7556}") = "Cobalt.Test.Parser", "test\Cobalt.Test.Parser\Cobalt.Test.Parser.csproj", "{FD8A9AEA-CEC1-4336-99D7-7E1E7BC5593F}"
EndProject
Project("{9A19103F-16F7-4668-BE54-9A1E7A4F7556}") = "Cobalt.Test.Integration", "test\Cobalt.Test.Integration\Cobalt.Test.Integration.csproj", "{EFED73C2-FCD7-4A74-AB4F-9CC81FDAF331}"
EndProject
Project("{9A19103F-16F7-4668-BE54-9A1E7A4F7556}") = "Cobalt.SemanticAnalysis", "src\Cobalt.SemanticAnalysis\Cobalt.SemanticAnalysis.csproj", "{F351813C-5C9A-4DF0-AE9D-D91FD365F30D}"
EndProject
Project("{9A19103F-16F7-4668-BE54-9A1E7A4F7556}") = "Cobalt.Optimization", "src\Cobalt.Optimization\Cobalt.Optimization.csproj", "{75E8A295-99DA-4535-BAAF-2F912B03132C}"
EndProject
Project("{9A19103F-16F7-4668-BE54-9A1E7A4F7556}") = "Cobalt.Shared", "src\Cobalt.Shared\Cobalt.Shared.csproj", "{7556E142-93B2-440A-B865-88EEF77A8D10}"
EndProject
Project("{FAE04EC0-301F-11D3-BF4B-00C04F79EFBC}") = "Cobalt.Test.SemanticAnalysis", "test\Cobalt.Test.SemanticAnalysis\Cobalt.Test.SemanticAnalysis.csproj", "{9A7698BF-FE55-4C38-B65D-A78A841AABBA}"
EndProject
Global
	GlobalSection(SolutionConfigurationPlatforms) = preSolution
		Debug|Any CPU = Debug|Any CPU
		Release|Any CPU = Release|Any CPU
	EndGlobalSection
	GlobalSection(ProjectConfigurationPlatforms) = postSolution
		{2585D54F-AFF8-4816-A65D-180A429FF311}.Debug|Any CPU.ActiveCfg = Debug|Any CPU
		{2585D54F-AFF8-4816-A65D-180A429FF311}.Debug|Any CPU.Build.0 = Debug|Any CPU
		{2585D54F-AFF8-4816-A65D-180A429FF311}.Release|Any CPU.ActiveCfg = Release|Any CPU
		{2585D54F-AFF8-4816-A65D-180A429FF311}.Release|Any CPU.Build.0 = Release|Any CPU
		{7F3895DF-573A-4AE5-B1CF-1785BC08BFF2}.Debug|Any CPU.ActiveCfg = Debug|Any CPU
		{7F3895DF-573A-4AE5-B1CF-1785BC08BFF2}.Debug|Any CPU.Build.0 = Debug|Any CPU
		{7F3895DF-573A-4AE5-B1CF-1785BC08BFF2}.Release|Any CPU.ActiveCfg = Release|Any CPU
		{7F3895DF-573A-4AE5-B1CF-1785BC08BFF2}.Release|Any CPU.Build.0 = Release|Any CPU
		{B03863E3-D3A3-43BC-B617-B6C6E5251649}.Debug|Any CPU.ActiveCfg = Debug|Any CPU
		{B03863E3-D3A3-43BC-B617-B6C6E5251649}.Debug|Any CPU.Build.0 = Debug|Any CPU
		{B03863E3-D3A3-43BC-B617-B6C6E5251649}.Release|Any CPU.ActiveCfg = Release|Any CPU
		{B03863E3-D3A3-43BC-B617-B6C6E5251649}.Release|Any CPU.Build.0 = Release|Any CPU
		{AE0BD74F-A2CD-40AC-AB7A-335A411074E5}.Debug|Any CPU.ActiveCfg = Debug|Any CPU
		{AE0BD74F-A2CD-40AC-AB7A-335A411074E5}.Debug|Any CPU.Build.0 = Debug|Any CPU
		{AE0BD74F-A2CD-40AC-AB7A-335A411074E5}.Release|Any CPU.ActiveCfg = Release|Any CPU
		{AE0BD74F-A2CD-40AC-AB7A-335A411074E5}.Release|Any CPU.Build.0 = Release|Any CPU
		{23E5E3AD-6205-4187-977A-158CC27B1685}.Debug|Any CPU.ActiveCfg = Debug|Any CPU
		{23E5E3AD-6205-4187-977A-158CC27B1685}.Debug|Any CPU.Build.0 = Debug|Any CPU
		{23E5E3AD-6205-4187-977A-158CC27B1685}.Release|Any CPU.ActiveCfg = Release|Any CPU
		{23E5E3AD-6205-4187-977A-158CC27B1685}.Release|Any CPU.Build.0 = Release|Any CPU
		{FD8A9AEA-CEC1-4336-99D7-7E1E7BC5593F}.Debug|Any CPU.ActiveCfg = Debug|Any CPU
		{FD8A9AEA-CEC1-4336-99D7-7E1E7BC5593F}.Debug|Any CPU.Build.0 = Debug|Any CPU
		{FD8A9AEA-CEC1-4336-99D7-7E1E7BC5593F}.Release|Any CPU.ActiveCfg = Release|Any CPU
		{FD8A9AEA-CEC1-4336-99D7-7E1E7BC5593F}.Release|Any CPU.Build.0 = Release|Any CPU
		{EFED73C2-FCD7-4A74-AB4F-9CC81FDAF331}.Debug|Any CPU.ActiveCfg = Debug|Any CPU
		{EFED73C2-FCD7-4A74-AB4F-9CC81FDAF331}.Debug|Any CPU.Build.0 = Debug|Any CPU
		{EFED73C2-FCD7-4A74-AB4F-9CC81FDAF331}.Release|Any CPU.ActiveCfg = Release|Any CPU
		{EFED73C2-FCD7-4A74-AB4F-9CC81FDAF331}.Release|Any CPU.Build.0 = Release|Any CPU
		{F351813C-5C9A-4DF0-AE9D-D91FD365F30D}.Debug|Any CPU.ActiveCfg = Debug|Any CPU
		{F351813C-5C9A-4DF0-AE9D-D91FD365F30D}.Debug|Any CPU.Build.0 = Debug|Any CPU
		{F351813C-5C9A-4DF0-AE9D-D91FD365F30D}.Release|Any CPU.ActiveCfg = Release|Any CPU
		{F351813C-5C9A-4DF0-AE9D-D91FD365F30D}.Release|Any CPU.Build.0 = Release|Any CPU
		{75E8A295-99DA-4535-BAAF-2F912B03132C}.Debug|Any CPU.ActiveCfg = Debug|Any CPU
		{75E8A295-99DA-4535-BAAF-2F912B03132C}.Debug|Any CPU.Build.0 = Debug|Any CPU
		{75E8A295-99DA-4535-BAAF-2F912B03132C}.Release|Any CPU.ActiveCfg = Release|Any CPU
		{75E8A295-99DA-4535-BAAF-2F912B03132C}.Release|Any CPU.Build.0 = Release|Any CPU
		{7556E142-93B2-440A-B865-88EEF77A8D10}.Debug|Any CPU.ActiveCfg = Debug|Any CPU
		{7556E142-93B2-440A-B865-88EEF77A8D10}.Debug|Any CPU.Build.0 = Debug|Any CPU
		{7556E142-93B2-440A-B865-88EEF77A8D10}.Release|Any CPU.ActiveCfg = Release|Any CPU
		{7556E142-93B2-440A-B865-88EEF77A8D10}.Release|Any CPU.Build.0 = Release|Any CPU
		{9A7698BF-FE55-4C38-B65D-A78A841AABBA}.Debug|Any CPU.ActiveCfg = Debug|Any CPU
		{9A7698BF-FE55-4C38-B65D-A78A841AABBA}.Debug|Any CPU.Build.0 = Debug|Any CPU
		{9A7698BF-FE55-4C38-B65D-A78A841AABBA}.Release|Any CPU.ActiveCfg = Release|Any CPU
		{9A7698BF-FE55-4C38-B65D-A78A841AABBA}.Release|Any CPU.Build.0 = Release|Any CPU
	EndGlobalSection
	GlobalSection(SolutionProperties) = preSolution
		HideSolutionNode = FALSE
	EndGlobalSection
	GlobalSection(ExtensibilityGlobals) = postSolution
		SolutionGuid = {87151463-40A9-4162-A232-2E754DC984C4}
	EndGlobalSection
EndGlobal
